{
  "name": "testing",
  "version": "1.0.0",
  "lockfileVersion": 1,
  "requires": true,
  "dependencies": {
    "@sultan_mehmood/npm_package": {
      "version": "1.0.0",
      "resolved": "https://registry.npmjs.org/@sultan_mehmood/npm_package/-/npm_package-1.0.0.tgz",
      "integrity": "sha512-QY3yMlf1CdpTUrXs5N7E3JbZaoBDsZW/NrlMB1EqBpjejNEkJJiEvAkW5bklErqLVtRB2tzDZDpwzKccoFMuxQ==",
      "requires": {
        "@types/node": "^16.3.3"
      }
    },
    "@types/node": {
      "version": "16.3.3",
      "resolved": "https://registry.npmjs.org/@types/node/-/node-16.3.3.tgz",
      "integrity": "sha512-8h7k1YgQKxKXWckzFCMfsIwn0Y61UK6tlD6y2lOb3hTOIMlK3t9/QwHOhc81TwU+RMf0As5fj7NPjroERCnejQ=="
    }
  }
}
